
Microsoft Visual Studio Solution File, Format Version 12.00
# Visual Studio Version 17
VisualStudioVersion = 17.12.35707.178 d17.12
MinimumVisualStudioVersion = 10.0.40219.1
Project("{FAE04EC0-301F-11D3-BF4B-00C04F79EFBC}") = "MODUL4_103022300109", "MODUL4_103022300109.csproj", "{8CD66C09-3DBF-45DB-83C4-82738918F35F}"
EndProject
Global
	GlobalSection(SolutionConfigurationPlatforms) = preSolution
		Debug|Any CPU = Debug|Any CPU
		Release|Any CPU = Release|Any CPU
	EndGlobalSection
	GlobalSection(ProjectConfigurationPlatforms) = postSolution
		{8CD66C09-3DBF-45DB-83C4-82738918F35F}.Debug|Any CPU.ActiveCfg = Debug|Any CPU
		{8CD66C09-3DBF-45DB-83C4-82738918F35F}.Debug|Any CPU.Build.0 = Debug|Any CPU
		{8CD66C09-3DBF-45DB-83C4-82738918F35F}.Release|Any CPU.ActiveCfg = Release|Any CPU
		{8CD66C09-3DBF-45DB-83C4-82738918F35F}.Release|Any CPU.Build.0 = Release|Any CPU
	EndGlobalSection
	GlobalSection(SolutionProperties) = preSolution
		HideSolutionNode = FALSE
	EndGlobalSection
EndGlobal
